{
  "name": "@adobe/uxp-template-pr-starter",
  "version": "1.0.0",
  "lockfileVersion": 3,
  "requires": true,
  "packages": {
    "": {
      "name": "@adobe/uxp-template-pr-starter",
      "version": "1.0.0",
      "license": "Apache-2.0",
      "devDependencies": {
        "@adobe/premierepro": "^26.3.0-beta.67"
      }
    },
    "node_modules/@adobe/premierepro": {
      "version": "26.3.0-beta.67",
      "resolved": "https://registry.npmjs.org/@adobe/premierepro/-/premierepro-26.3.0-beta.67.tgz",
      "integrity": "sha512-0HiLYPfvoiqxbVtFDpJDu4qnGXXAhzApcexxuMyV1sIhRNhjk/6+7eLurCTrOe9XqirrUX5igSk1SwRP5sT/Qw==",
      "dev": true,
      "engines": {
        "node": ">=24.13.0"
      }
    }
  }
}
